{
  "requires": true,
  "lockfileVersion": 1,
  "dependencies": {
    "bootstrap": {
      "version": "4.3.1",
      "resolved": "https://registry.npmjs.org/bootstrap/-/bootstrap-4.3.1.tgz",
      "integrity": "sha512-rXqOmH1VilAt2DyPzluTi2blhk17bO7ef+zLLPlWvG494pDxcM234pJ8wTc/6R40UWizAIIMgxjvxZg5kmsbag==",
      "dev": true
    },
    "cross-env": {
      "version": "3.2.4",
      "resolved": "https://registry.npmjs.org/cross-env/-/cross-env-3.2.4.tgz",
      "integrity": "sha1-ngWF8neGTtQhznVvgamA/w1piro=",
      "dev": true
    },
    "jquery": {
      "version": "3.3.1",
      "resolved": "https://registry.npmjs.org/jquery/-/jquery-3.3.1.tgz",
      "integrity": "sha512-Ubldcmxp5np52/ENotGxlLe6aGMvmF4R8S6tZjsP6Knsaxd/xp3Zrh50cG93lR6nPXyUFwzN3ZSOQI0wRJNdGg==",
      "dev": true
    },
    "laravel-mix": {
      "version": "0.12.1",
      "resolved": "https://registry.npmjs.org/laravel-mix/-/laravel-mix-0.12.1.tgz",
      "integrity": "sha1-K0pbEjzkvJFn7qSUYbdWeuKSFQM=",
      "dev": true
    },
    "popper.js": {
      "version": "1.14.4",
      "resolved": "https://registry.npmjs.org/popper.js/-/popper.js-1.14.4.tgz",
      "integrity": "sha1-juwdj/AqWjoVLdQ0FKFce3n9abY=",
      "dev": true
    }
  }
}
